// !$*UTF8*$!
{
	archiveVersion = 1;
	classes = {
	};
	objectVersion = 50;
	objects = {

/* Begin PBXBuildFile section */
		45103A3E240DE248001DBEEB /* AppDelegate.swift in Sources */ = {isa = PBXBuildFile; fileRef = 45103A3D240DE248001DBEEB /* AppDelegate.swift */; };
		45103A40240DE248001DBEEB /* SceneDelegate.swift in Sources */ = {isa = PBXBuildFile; fileRef = 45103A3F240DE248001DBEEB /* SceneDelegate.swift */; };
		45103A42240DE248001DBEEB /* ViewController.swift in Sources */ = {isa = PBXBuildFile; fileRef = 45103A41240DE248001DBEEB /* ViewController.swift */; };
		45103A45240DE248001DBEEB /* Main.storyboard in Resources */ = {isa = PBXBuildFile; fileRef = 45103A43240DE248001DBEEB /* Main.storyboard */; };
		45103A47240DE249001DBEEB /* Assets.xcassets in Resources */ = {isa = PBXBuildFile; fileRef = 45103A46240DE249001DBEEB /* Assets.xcassets */; };
		45103A4A240DE249001DBEEB /* LaunchScreen.storyboard in Resources */ = {isa = PBXBuildFile; fileRef = 45103A48240DE249001DBEEB /* LaunchScreen.storyboard */; };
		45103A52240DE3CA001DBEEB /* User.swift in Sources */ = {isa = PBXBuildFile; fileRef = 45103A51240DE3CA001DBEEB /* User.swift */; };
		45103A56240DE585001DBEEB /* Observable.swift in Sources */ = {isa = PBXBuildFile; fileRef = 45103A55240DE585001DBEEB /* Observable.swift */; };
/* End PBXBuildFile section */

/* Begin PBXFileReference section */
		45103A3A240DE248001DBEEB /* Bindings.app */ = {isa = PBXFileReference; explicitFileType = wrapper.application; includeInIndex = 0; path = Bindings.app; sourceTree = BUILT_PRODUCTS_DIR; };
		45103A3D240DE248001DBEEB /* AppDelegate.swift */ = {isa = PBXFileReference; lastKnownFileType = sourcecode.swift; path = AppDelegate.swift; sourceTree = "<group>"; };
		45103A3F240DE248001DBEEB /* SceneDelegate.swift */ = {isa = PBXFileReference; lastKnownFileType = sourcecode.swift; path = SceneDelegate.swift; sourceTree = "<group>"; };
		45103A41240DE248001DBEEB /* ViewController.swift */ = {isa = PBXFileReference; lastKnownFileType = sourcecode.swift; path = ViewController.swift; sourceTree = "<group>"; };
		45103A44240DE248001DBEEB /* Base */ = {isa = PBXFileReference; lastKnownFileType = file.storyboard; name = Base; path = Base.lproj/Main.storyboard; sourceTree = "<group>"; };
		45103A46240DE249001DBEEB /* Assets.xcassets */ = {isa = PBXFileReference; lastKnownFileType = folder.assetcatalog; path = Assets.xcassets; sourceTree = "<group>"; };
		45103A49240DE249001DBEEB /* Base */ = {isa = PBXFileReference; lastKnownFileType = file.storyboard; name = Base; path = Base.lproj/LaunchScreen.storyboard; sourceTree = "<group>"; };
		45103A4B240DE249001DBEEB /* Info.plist */ = {isa = PBXFileReference; lastKnownFileType = text.plist.xml; path = Info.plist; sourceTree = "<group>"; };
		45103A51240DE3CA001DBEEB /* User.swift */ = {isa = PBXFileReference; lastKnownFileType = sourcecode.swift; path = User.swift; sourceTree = "<group>"; };
		45103A55240DE585001DBEEB /* Observable.swift */ = {isa = PBXFileReference; lastKnownFileType = sourcecode.swift; path = Observable.swift; sourceTree = "<group>"; };
/* End PBXFileReference section */

/* Begin PBXFrameworksBuildPhase section */
		45103A37240DE248001DBEEB /* Frameworks */ = {
			isa = PBXFrameworksBuildPhase;
			buildActionMask = 2147483647;
			files = (
			);
			runOnlyForDeploymentPostprocessing = 0;
		};
/* End PBXFrameworksBuildPhase section */

/* Begin PBXGroup section */
		45103A31240DE248001DBEEB = {
			isa = PBXGroup;
			children = (
				45103A3C240DE248001DBEEB /* Bindings */,
				45103A3B240DE248001DBEEB /* Products */,
			);
			sourceTree = "<group>";
		};
		45103A3B240DE248001DBEEB /* Products */ = {
			isa = PBXGroup;
			children = (
				45103A3A240DE248001DBEEB /* Bindings.app */,
			);
			name = Products;
			sourceTree = "<group>";
		};
		45103A3C240DE248001DBEEB /* Bindings */ = {
			isa = PBXGroup;
			children = (
				45103A54240DE56C001DBEEB /* Classes */,
				45103A53240DE3CC001DBEEB /* Models */,
				45103A3D240DE248001DBEEB /* AppDelegate.swift */,
				45103A3F240DE248001DBEEB /* SceneDelegate.swift */,
				45103A41240DE248001DBEEB /* ViewController.swift */,
				45103A43240DE248001DBEEB /* Main.storyboard */,
				45103A46240DE249001DBEEB /* Assets.xcassets */,
				45103A48240DE249001DBEEB /* LaunchScreen.storyboard */,
				45103A4B240DE249001DBEEB /* Info.plist */,
			);
			path = Bindings;
			sourceTree = "<group>";
		};
		45103A53240DE3CC001DBEEB /* Models */ = {
			isa = PBXGroup;
			children = (
				45103A51240DE3CA001DBEEB /* User.swift */,
			);
			path = Models;
			sourceTree = "<group>";
		};
		45103A54240DE56C001DBEEB /* Classes */ = {
			isa = PBXGroup;
			children = (
				45103A55240DE585001DBEEB /* Observable.swift */,
			);
			path = Classes;
			sourceTree = "<group>";
		};
/* End PBXGroup section */

/* Begin PBXNativeTarget section */
		45103A39240DE248001DBEEB /* Bindings */ = {
			isa = PBXNativeTarget;
			buildConfigurationList = 45103A4E240DE249001DBEEB /* Build configuration list for PBXNativeTarget "Bindings" */;
			buildPhases = (
				45103A36240DE248001DBEEB /* Sources */,
				45103A37240DE248001DBEEB /* Frameworks */,
				45103A38240DE248001DBEEB /* Resources */,
			);
			buildRules = (
			);
			dependencies = (
			);
			name = Bindings;
			productName = Bindings;
			productReference = 45103A3A240DE248001DBEEB /* Bindings.app */;
			productType = "com.apple.product-type.application";
		};
/* End PBXNativeTarget section */

/* Begin PBXProject section */
		45103A32240DE248001DBEEB /* Project object */ = {
			isa = PBXProject;
			attributes = {
				LastSwiftUpdateCheck = 1130;
				LastUpgradeCheck = 1130;
				ORGANIZATIONNAME = "Ruben Sissing";
				TargetAttributes = {
					45103A39240DE248001DBEEB = {
						CreatedOnToolsVersion = 11.3.1;
					};
				};
			};
			buildConfigurationList = 45103A35240DE248001DBEEB /* Build configuration list for PBXProject "Bindings" */;
			compatibilityVersion = "Xcode 9.3";
			developmentRegion = en;
			hasScannedForEncodings = 0;
			knownRegions = (
				en,
				Base,
			);
			mainGroup = 45103A31240DE248001DBEEB;
			productRefGroup = 45103A3B240DE248001DBEEB /* Products */;
			projectDirPath = "";
			projectRoot = "";
			targets = (
				45103A39240DE248001DBEEB /* Bindings */,
			);
		};
/* End PBXProject section */

/* Begin PBXResourcesBuildPhase section */
		45103A38240DE248001DBEEB /* Resources */ = {
			isa = PBXResourcesBuildPhase;
			buildActionMask = 2147483647;
			files = (
				45103A4A240DE249001DBEEB /* LaunchScreen.storyboard in Resources */,
				45103A47240DE249001DBEEB /* Assets.xcassets in Resources */,
				45103A45240DE248001DBEEB /* Main.storyboard in Resources */,
			);
			runOnlyForDeploymentPostprocessing = 0;
		};
/* End PBXResourcesBuildPhase section */

/* Begin PBXSourcesBuildPhase section */
		45103A36240DE248001DBEEB /* Sources */ = {
			isa = PBXSourcesBuildPhase;
			buildActionMask = 2147483647;
			files = (
				45103A52240DE3CA001DBEEB /* User.swift in Sources */,
				45103A56240DE585001DBEEB /* Observable.swift in Sources */,
				45103A42240DE248001DBEEB /* ViewController.swift in Sources */,
				45103A3E240DE248001DBEEB /* AppDelegate.swift in Sources */,
				45103A40240DE248001DBEEB /* SceneDelegate.swift in Sources */,
			);
			runOnlyForDeploymentPostprocessing = 0;
		};
/* End PBXSourcesBuildPhase section */

/* Begin PBXVariantGroup section */
		45103A43240DE248001DBEEB /* Main.storyboard */ = {
			isa = PBXVariantGroup;
			children = (
				45103A44240DE248001DBEEB /* Base */,
			);
			name = Main.storyboard;
			sourceTree = "<group>";
		};
		45103A48240DE249001DBEEB /* LaunchScreen.storyboard */ = {
			isa = PBXVariantGroup;
			children = (
				45103A49240DE249001DBEEB /* Base */,
			);
			name = LaunchScreen.storyboard;
			sourceTree = "<group>";
		};
/* End PBXVariantGroup section */

/* Begin XCBuildConfiguration section */
		45103A4C240DE249001DBEEB /* Debug */ = {
			isa = XCBuildConfiguration;
			buildSettings = {
				ALWAYS_SEARCH_USER_PATHS = NO;
				CLANG_ANALYZER_NONNULL = YES;
				CLANG_ANALYZER_NUMBER_OBJECT_CONVERSION = YES_AGGRESSIVE;
				CLANG_CXX_LANGUAGE_STANDARD = "gnu++14";
				CLANG_CXX_LIBRARY = "libc++";
				CLANG_ENABLE_MODULES = YES;
				CLANG_ENABLE_OBJC_ARC = YES;
				CLANG_ENABLE_OBJC_WEAK = YES;
				CLANG_WARN_BLOCK_CAPTURE_AUTORELEASING = YES;
				CLANG_WARN_BOOL_CONVERSION = YES;
				CLANG_WARN_COMMA = YES;
				CLANG_WARN_CONSTANT_CONVERSION = YES;
				CLANG_WARN_DEPRECATED_OBJC_IMPLEMENTATIONS = YES;
				CLANG_WARN_DIRECT_OBJC_ISA_USAGE = YES_ERROR;
				CLANG_WARN_DOCUMENTATION_COMMENTS = YES;
				CLANG_WARN_EMPTY_BODY = YES;
				CLANG_WARN_ENUM_CONVERSION = YES;
				CLANG_WARN_INFINITE_RECURSION = YES;
				CLANG_WARN_INT_CONVERSION = YES;
				CLANG_WARN_NON_LITERAL_NULL_CONVERSION = YES;
				CLANG_WARN_OBJC_IMPLICIT_RETAIN_SELF = YES;
				CLANG_WARN_OBJC_LITERAL_CONVERSION = YES;
				CLANG_WARN_OBJC_ROOT_CLASS = YES_ERROR;
				CLANG_WARN_RANGE_LOOP_ANALYSIS = YES;
				CLANG_WARN_STRICT_PROTOTYPES = YES;
				CLANG_WARN_SUSPICIOUS_MOVE = YES;
				CLANG_WARN_UNGUARDED_AVAILABILITY = YES_AGGRESSIVE;
				CLANG_WARN_UNREACHABLE_CODE = YES;
				CLANG_WARN__DUPLICATE_METHOD_MATCH = YES;
				COPY_PHASE_STRIP = NO;
				DEBUG_INFORMATION_FORMAT = dwarf;
				ENABLE_STRICT_OBJC_MSGSEND = YES;
				ENABLE_TESTABILITY = YES;
				GCC_C_LANGUAGE_STANDARD = gnu11;
				GCC_DYNAMIC_NO_PIC = NO;
				GCC_NO_COMMON_BLOCKS = YES;
				GCC_OPTIMIZATION_LEVEL = 0;
				GCC_PREPROCESSOR_DEFINITIONS = (
					"DEBUG=1",
					"$(inherited)",
				);
				GCC_WARN_64_TO_32_BIT_CONVERSION = YES;
				GCC_WARN_ABOUT_RETURN_TYPE = YES_ERROR;
				GCC_WARN_UNDECLARED_SELECTOR = YES;
				GCC_WARN_UNINITIALIZED_AUTOS = YES_AGGRESSIVE;
				GCC_WARN_UNUSED_FUNCTION = YES;
				GCC_WARN_UNUSED_VARIABLE = YES;
				IPHONEOS_DEPLOYMENT_TARGET = 13.2;
				MTL_ENABLE_DEBUG_INFO = INCLUDE_SOURCE;
				MTL_FAST_MATH = YES;
				ONLY_ACTIVE_ARCH = YES;
				SDKROOT = iphoneos;
				SWIFT_ACTIVE_COMPILATION_CONDITIONS = DEBUG;
				SWIFT_OPTIMIZATION_LEVEL = "-Onone";
			};
			name = Debug;
		};
		45103A4D240DE249001DBEEB /* Release */ = {
			isa = XCBuildConfiguration;
			buildSettings = {
				ALWAYS_SEARCH_USER_PATHS = NO;
				CLANG_ANALYZER_NONNULL = YES;
				CLANG_ANALYZER_NUMBER_OBJECT_CONVERSION = YES_AGGRESSIVE;
				CLANG_CXX_LANGUAGE_STANDARD = "gnu++14";
				CLANG_CXX_LIBRARY = "libc++";
				CLANG_ENABLE_MODULES = YES;
				CLANG_ENABLE_OBJC_ARC = YES;
				CLANG_ENABLE_OBJC_WEAK = YES;
				CLANG_WARN_BLOCK_CAPTURE_AUTORELEASING = YES;
				CLANG_WARN_BOOL_CONVERSION = YES;
				CLANG_WARN_COMMA = YES;
				CLANG_WARN_CONSTANT_CONVERSION = YES;
				CLANG_WARN_DEPRECATED_OBJC_IMPLEMENTATIONS = YES;
				CLANG_WARN_DIRECT_OBJC_ISA_USAGE = YES_ERROR;
				CLANG_WARN_DOCUMENTATION_COMMENTS = YES;
				CLANG_WARN_EMPTY_BODY = YES;
				CLANG_WARN_ENUM_CONVERSION = YES;
				CLANG_WARN_INFINITE_RECURSION = YES;
				CLANG_WARN_INT_CONVERSION = YES;
				CLANG_WARN_NON_LITERAL_NULL_CONVERSION = YES;
				CLANG_WARN_OBJC_IMPLICIT_RETAIN_SELF = YES;
				CLANG_WARN_OBJC_LITERAL_CONVERSION = YES;
				CLANG_WARN_OBJC_ROOT_CLASS = YES_ERROR;
				CLANG_WARN_RANGE_LOOP_ANALYSIS = YES;
				CLANG_WARN_STRICT_PROTOTYPES = YES;
				CLANG_WARN_SUSPICIOUS_MOVE = YES;
				CLANG_WARN_UNGUARDED_AVAILABILITY = YES_AGGRESSIVE;
				CLANG_WARN_UNREACHABLE_CODE = YES;
				CLANG_WARN__DUPLICATE_METHOD_MATCH = YES;
				COPY_PHASE_STRIP = NO;
				DEBUG_INFORMATION_FORMAT = "dwarf-with-dsym";
				ENABLE_NS_ASSERTIONS = NO;
				ENABLE_STRICT_OBJC_MSGSEND = YES;
				GCC_C_LANGUAGE_STANDARD = gnu11;
				GCC_NO_COMMON_BLOCKS = YES;
				GCC_WARN_64_TO_32_BIT_CONVERSION = YES;
				GCC_WARN_ABOUT_RETURN_TYPE = YES_ERROR;
				GCC_WARN_UNDECLARED_SELECTOR = YES;
				GCC_WARN_UNINITIALIZED_AUTOS = YES_AGGRESSIVE;
				GCC_WARN_UNUSED_FUNCTION = YES;
				GCC_WARN_UNUSED_VARIABLE = YES;
				IPHONEOS_DEPLOYMENT_TARGET = 13.2;
				MTL_ENABLE_DEBUG_INFO = NO;
				MTL_FAST_MATH = YES;
				SDKROOT = iphoneos;
				SWIFT_COMPILATION_MODE = wholemodule;
				SWIFT_OPTIMIZATION_LEVEL = "-O";
				VALIDATE_PRODUCT = YES;
			};
			name = Release;
		};
		45103A4F240DE249001DBEEB /* Debug */ = {
			isa = XCBuildConfiguration;
			buildSettings = {
				ASSETCATALOG_COMPILER_APPICON_NAME = AppIcon;
				CODE_SIGN_STYLE = Automatic;
				DEVELOPMENT_TEAM = 3DDZX43G27;
				INFOPLIST_FILE = Bindings/Info.plist;
				LD_RUNPATH_SEARCH_PATHS = (
					"$(inherited)",
					"@executable_path/Frameworks",
				);
				PRODUCT_BUNDLE_IDENTIFIER = nl.sissing.Bindings;
				PRODUCT_NAME = "$(TARGET_NAME)";
				SWIFT_VERSION = 5.0;
				TARGETED_DEVICE_FAMILY = "1,2";
			};
			name = Debug;
		};
		45103A50240DE249001DBEEB /* Release */ = {
			isa = XCBuildConfiguration;
			buildSettings = {
				ASSETCATALOG_COMPILER_APPICON_NAME = AppIcon;
				CODE_SIGN_STYLE = Automatic;
				DEVELOPMENT_TEAM = 3DDZX43G27;
				INFOPLIST_FILE = Bindings/Info.plist;
				LD_RUNPATH_SEARCH_PATHS = (
					"$(inherited)",
					"@executable_path/Frameworks",
				);
				PRODUCT_BUNDLE_IDENTIFIER = nl.sissing.Bindings;
				PRODUCT_NAME = "$(TARGET_NAME)";
				SWIFT_VERSION = 5.0;
				TARGETED_DEVICE_FAMILY = "1,2";
			};
			name = Release;
		};
/* End XCBuildConfiguration section */

/* Begin XCConfigurationList section */
		45103A35240DE248001DBEEB /* Build configuration list for PBXProject "Bindings" */ = {
			isa = XCConfigurationList;
			buildConfigurations = (
				45103A4C240DE249001DBEEB /* Debug */,
				45103A4D240DE249001DBEEB /* Release */,
			);
			defaultConfigurationIsVisible = 0;
			defaultConfigurationName = Release;
		};
		45103A4E240DE249001DBEEB /* Build configuration list for PBXNativeTarget "Bindings" */ = {
			isa = XCConfigurationList;
			buildConfigurations = (
				45103A4F240DE249001DBEEB /* Debug */,
				45103A50240DE249001DBEEB /* Release */,
			);
			defaultConfigurationIsVisible = 0;
			defaultConfigurationName = Release;
		};
/* End XCConfigurationList section */
	};
	rootObject = 45103A32240DE248001DBEEB /* Project object */;
}
